
Microsoft Visual Studio Solution File, Format Version 12.00
# Visual Studio Version 17
VisualStudioVersion = 17.11.35312.102
MinimumVisualStudioVersion = 10.0.40219.1
Project("{888888A0-9F3D-457C-B088-3A5042F75D52}") = "Uppgift9", "Uppgift9\Uppgift9.pyproj", "{BED7F968-2406-423D-AAB0-081B25FCABCF}"
EndProject
Global
	GlobalSection(SolutionConfigurationPlatforms) = preSolution
		Debug|Any CPU = Debug|Any CPU
		Release|Any CPU = Release|Any CPU
	EndGlobalSection
	GlobalSection(ProjectConfigurationPlatforms) = postSolution
		{BED7F968-2406-423D-AAB0-081B25FCABCF}.Debug|Any CPU.ActiveCfg = Debug|Any CPU
		{BED7F968-2406-423D-AAB0-081B25FCABCF}.Release|Any CPU.ActiveCfg = Release|Any CPU
	EndGlobalSection
	GlobalSection(SolutionProperties) = preSolution
		HideSolutionNode = FALSE
	EndGlobalSection
	GlobalSection(ExtensibilityGlobals) = postSolution
		SolutionGuid = {05777BD4-AB26-49F8-824D-180E254307CE}
	EndGlobalSection
EndGlobal
